
Microsoft Visual Studio Solution File, Format Version 12.00
# Visual Studio Version 17
VisualStudioVersion = 17.0.31903.59
MinimumVisualStudioVersion = 10.0.40219.1
Project("{2150E333-8FDC-42A3-9474-1A3956D46DE8}") = "src", "src", "{827E0CD3-B72D-47B6-A68D-7590B98EB39B}"
EndProject
Project("{FAE04EC0-301F-11D3-BF4B-00C04F79EFBC}") = "Hilke.Ant", "src\Hilke.Ant\Hilke.Ant.csproj", "{4CF5180D-2E9A-404D-8712-DCE028BA370B}"
EndProject
Project("{FAE04EC0-301F-11D3-BF4B-00C04F79EFBC}") = "Hilke.Ant.Transport.Serial", "src\Hilke.Ant.Transport.Serial\Hilke.Ant.Transport.Serial.csproj", "{174ACDB9-6B5E-4A26-BA47-3E4E8851B4C8}"
EndProject
Project("{FAE04EC0-301F-11D3-BF4B-00C04F79EFBC}") = "Hilke.Ant.Testing", "src\Hilke.Ant.Testing\Hilke.Ant.Testing.csproj", "{C9AE82D1-E387-4550-B2EF-3A43CFC0AFBB}"
EndProject
Project("{FAE04EC0-301F-11D3-BF4B-00C04F79EFBC}") = "Hilke.Ant.Plus", "src\Hilke.Ant.Plus\Hilke.Ant.Plus.csproj", "{9092C44C-2C59-4EE6-9057-BB4EE4F33509}"
EndProject
Project("{2150E333-8FDC-42A3-9474-1A3956D46DE8}") = "tests", "tests", "{0AB3BF05-4346-4AA6-1389-037BE0695223}"
EndProject
Project("{FAE04EC0-301F-11D3-BF4B-00C04F79EFBC}") = "Hilke.Ant.Tests", "tests\Hilke.Ant.Tests\Hilke.Ant.Tests.csproj", "{1B67D9C8-13C1-4BE2-9DAA-F7981B67C0A2}"
EndProject
Project("{2150E333-8FDC-42A3-9474-1A3956D46DE8}") = "samples", "samples", "{5D20AA90-6969-D8BD-9DCD-8634F4692FDA}"
EndProject
Project("{FAE04EC0-301F-11D3-BF4B-00C04F79EFBC}") = "Hilke.Ant.Sample.HeartRate", "samples\Hilke.Ant.Sample.HeartRate\Hilke.Ant.Sample.HeartRate.csproj", "{A04D1345-3B59-4C16-A155-6F989F566E19}"
EndProject
Project("{FAE04EC0-301F-11D3-BF4B-00C04F79EFBC}") = "Hilke.Ant.Sample.PowerCalibration", "samples\Hilke.Ant.Sample.PowerCalibration\Hilke.Ant.Sample.PowerCalibration.csproj", "{1BBDC4E9-906D-48E1-B0C5-A30B681C2831}"
EndProject
Project("{FAE04EC0-301F-11D3-BF4B-00C04F79EFBC}") = "Hilke.Ant.Cli", "samples\Hilke.Ant.Cli\Hilke.Ant.Cli.csproj", "{4A80B792-9A79-42B8-9A01-ECE609AE8625}"
EndProject
Global
	GlobalSection(SolutionConfigurationPlatforms) = preSolution
		Debug|Any CPU = Debug|Any CPU
		Debug|x64 = Debug|x64
		Debug|x86 = Debug|x86
		Release|Any CPU = Release|Any CPU
		Release|x64 = Release|x64
		Release|x86 = Release|x86
	EndGlobalSection
	GlobalSection(ProjectConfigurationPlatforms) = postSolution
		{4CF5180D-2E9A-404D-8712-DCE028BA370B}.Debug|Any CPU.ActiveCfg = Debug|Any CPU
		{4CF5180D-2E9A-404D-8712-DCE028BA370B}.Debug|Any CPU.Build.0 = Debug|Any CPU
		{4CF5180D-2E9A-404D-8712-DCE028BA370B}.Debug|x64.ActiveCfg = Debug|Any CPU
		{4CF5180D-2E9A-404D-8712-DCE028BA370B}.Debug|x64.Build.0 = Debug|Any CPU
		{4CF5180D-2E9A-404D-8712-DCE028BA370B}.Debug|x86.ActiveCfg = Debug|Any CPU
		{4CF5180D-2E9A-404D-8712-DCE028BA370B}.Debug|x86.Build.0 = Debug|Any CPU
		{4CF5180D-2E9A-404D-8712-DCE028BA370B}.Release|Any CPU.ActiveCfg = Release|Any CPU
		{4CF5180D-2E9A-404D-8712-DCE028BA370B}.Release|Any CPU.Build.0 = Release|Any CPU
		{4CF5180D-2E9A-404D-8712-DCE028BA370B}.Release|x64.ActiveCfg = Release|Any CPU
		{4CF5180D-2E9A-404D-8712-DCE028BA370B}.Release|x64.Build.0 = Release|Any CPU
		{4CF5180D-2E9A-404D-8712-DCE028BA370B}.Release|x86.ActiveCfg = Release|Any CPU
		{4CF5180D-2E9A-404D-8712-DCE028BA370B}.Release|x86.Build.0 = Release|Any CPU
		{174ACDB9-6B5E-4A26-BA47-3E4E8851B4C8}.Debug|Any CPU.ActiveCfg = Debug|Any CPU
		{174ACDB9-6B5E-4A26-BA47-3E4E8851B4C8}.Debug|Any CPU.Build.0 = Debug|Any CPU
		{174ACDB9-6B5E-4A26-BA47-3E4E8851B4C8}.Debug|x64.ActiveCfg = Debug|Any CPU
		{174ACDB9-6B5E-4A26-BA47-3E4E8851B4C8}.Debug|x64.Build.0 = Debug|Any CPU
		{174ACDB9-6B5E-4A26-BA47-3E4E8851B4C8}.Debug|x86.ActiveCfg = Debug|Any CPU
		{174ACDB9-6B5E-4A26-BA47-3E4E8851B4C8}.Debug|x86.Build.0 = Debug|Any CPU
		{174ACDB9-6B5E-4A26-BA47-3E4E8851B4C8}.Release|Any CPU.ActiveCfg = Release|Any CPU
		{174ACDB9-6B5E-4A26-BA47-3E4E8851B4C8}.Release|Any CPU.Build.0 = Release|Any CPU
		{174ACDB9-6B5E-4A26-BA47-3E4E8851B4C8}.Release|x64.ActiveCfg = Release|Any CPU
		{174ACDB9-6B5E-4A26-BA47-3E4E8851B4C8}.Release|x64.Build.0 = Release|Any CPU
		{174ACDB9-6B5E-4A26-BA47-3E4E8851B4C8}.Release|x86.ActiveCfg = Release|Any CPU
		{174ACDB9-6B5E-4A26-BA47-3E4E8851B4C8}.Release|x86.Build.0 = Release|Any CPU
		{C9AE82D1-E387-4550-B2EF-3A43CFC0AFBB}.Debug|Any CPU.ActiveCfg = Debug|Any CPU
		{C9AE82D1-E387-4550-B2EF-3A43CFC0AFBB}.Debug|Any CPU.Build.0 = Debug|Any CPU
		{C9AE82D1-E387-4550-B2EF-3A43CFC0AFBB}.Debug|x64.ActiveCfg = Debug|Any CPU
		{C9AE82D1-E387-4550-B2EF-3A43CFC0AFBB}.Debug|x64.Build.0 = Debug|Any CPU
		{C9AE82D1-E387-4550-B2EF-3A43CFC0AFBB}.Debug|x86.ActiveCfg = Debug|Any CPU
		{C9AE82D1-E387-4550-B2EF-3A43CFC0AFBB}.Debug|x86.Build.0 = Debug|Any CPU
		{C9AE82D1-E387-4550-B2EF-3A43CFC0AFBB}.Release|Any CPU.ActiveCfg = Release|Any CPU
		{C9AE82D1-E387-4550-B2EF-3A43CFC0AFBB}.Release|Any CPU.Build.0 = Release|Any CPU
		{C9AE82D1-E387-4550-B2EF-3A43CFC0AFBB}.Release|x64.ActiveCfg = Release|Any CPU
		{C9AE82D1-E387-4550-B2EF-3A43CFC0AFBB}.Release|x64.Build.0 = Release|Any CPU
		{C9AE82D1-E387-4550-B2EF-3A43CFC0AFBB}.Release|x86.ActiveCfg = Release|Any CPU
		{C9AE82D1-E387-4550-B2EF-3A43CFC0AFBB}.Release|x86.Build.0 = Release|Any CPU
		{9092C44C-2C59-4EE6-9057-BB4EE4F33509}.Debug|Any CPU.ActiveCfg = Debug|Any CPU
		{9092C44C-2C59-4EE6-9057-BB4EE4F33509}.Debug|Any CPU.Build.0 = Debug|Any CPU
		{9092C44C-2C59-4EE6-9057-BB4EE4F33509}.Debug|x64.ActiveCfg = Debug|Any CPU
		{9092C44C-2C59-4EE6-9057-BB4EE4F33509}.Debug|x64.Build.0 = Debug|Any CPU
		{9092C44C-2C59-4EE6-9057-BB4EE4F33509}.Debug|x86.ActiveCfg = Debug|Any CPU
		{9092C44C-2C59-4EE6-9057-BB4EE4F33509}.Debug|x86.Build.0 = Debug|Any CPU
		{9092C44C-2C59-4EE6-9057-BB4EE4F33509}.Release|Any CPU.ActiveCfg = Release|Any CPU
		{9092C44C-2C59-4EE6-9057-BB4EE4F33509}.Release|Any CPU.Build.0 = Release|Any CPU
		{9092C44C-2C59-4EE6-9057-BB4EE4F33509}.Release|x64.ActiveCfg = Release|Any CPU
		{9092C44C-2C59-4EE6-9057-BB4EE4F33509}.Release|x64.Build.0 = Release|Any CPU
		{9092C44C-2C59-4EE6-9057-BB4EE4F33509}.Release|x86.ActiveCfg = Release|Any CPU
		{9092C44C-2C59-4EE6-9057-BB4EE4F33509}.Release|x86.Build.0 = Release|Any CPU
		{1B67D9C8-13C1-4BE2-9DAA-F7981B67C0A2}.Debug|Any CPU.ActiveCfg = Debug|Any CPU
		{1B67D9C8-13C1-4BE2-9DAA-F7981B67C0A2}.Debug|Any CPU.Build.0 = Debug|Any CPU
		{1B67D9C8-13C1-4BE2-9DAA-F7981B67C0A2}.Debug|x64.ActiveCfg = Debug|Any CPU
		{1B67D9C8-13C1-4BE2-9DAA-F7981B67C0A2}.Debug|x64.Build.0 = Debug|Any CPU
		{1B67D9C8-13C1-4BE2-9DAA-F7981B67C0A2}.Debug|x86.ActiveCfg = Debug|Any CPU
		{1B67D9C8-13C1-4BE2-9DAA-F7981B67C0A2}.Debug|x86.Build.0 = Debug|Any CPU
		{1B67D9C8-13C1-4BE2-9DAA-F7981B67C0A2}.Release|Any CPU.ActiveCfg = Release|Any CPU
		{1B67D9C8-13C1-4BE2-9DAA-F7981B67C0A2}.Release|Any CPU.Build.0 = Release|Any CPU
		{1B67D9C8-13C1-4BE2-9DAA-F7981B67C0A2}.Release|x64.ActiveCfg = Release|Any CPU
		{1B67D9C8-13C1-4BE2-9DAA-F7981B67C0A2}.Release|x64.Build.0 = Release|Any CPU
		{1B67D9C8-13C1-4BE2-9DAA-F7981B67C0A2}.Release|x86.ActiveCfg = Release|Any CPU
		{1B67D9C8-13C1-4BE2-9DAA-F7981B67C0A2}.Release|x86.Build.0 = Release|Any CPU
		{A04D1345-3B59-4C16-A155-6F989F566E19}.Debug|Any CPU.ActiveCfg = Debug|Any CPU
		{A04D1345-3B59-4C16-A155-6F989F566E19}.Debug|Any CPU.Build.0 = Debug|Any CPU
		{A04D1345-3B59-4C16-A155-6F989F566E19}.Debug|x64.ActiveCfg = Debug|Any CPU
		{A04D1345-3B59-4C16-A155-6F989F566E19}.Debug|x64.Build.0 = Debug|Any CPU
		{A04D1345-3B59-4C16-A155-6F989F566E19}.Debug|x86.ActiveCfg = Debug|Any CPU
		{A04D1345-3B59-4C16-A155-6F989F566E19}.Debug|x86.Build.0 = Debug|Any CPU
		{A04D1345-3B59-4C16-A155-6F989F566E19}.Release|Any CPU.ActiveCfg = Release|Any CPU
		{A04D1345-3B59-4C16-A155-6F989F566E19}.Release|Any CPU.Build.0 = Release|Any CPU
		{A04D1345-3B59-4C16-A155-6F989F566E19}.Release|x64.ActiveCfg = Release|Any CPU
		{A04D1345-3B59-4C16-A155-6F989F566E19}.Release|x64.Build.0 = Release|Any CPU
		{A04D1345-3B59-4C16-A155-6F989F566E19}.Release|x86.ActiveCfg = Release|Any CPU
		{A04D1345-3B59-4C16-A155-6F989F566E19}.Release|x86.Build.0 = Release|Any CPU
		{1BBDC4E9-906D-48E1-B0C5-A30B681C2831}.Debug|Any CPU.ActiveCfg = Debug|Any CPU
		{1BBDC4E9-906D-48E1-B0C5-A30B681C2831}.Debug|Any CPU.Build.0 = Debug|Any CPU
		{1BBDC4E9-906D-48E1-B0C5-A30B681C2831}.Debug|x64.ActiveCfg = Debug|Any CPU
		{1BBDC4E9-906D-48E1-B0C5-A30B681C2831}.Debug|x64.Build.0 = Debug|Any CPU
		{1BBDC4E9-906D-48E1-B0C5-A30B681C2831}.Debug|x86.ActiveCfg = Debug|Any CPU
		{1BBDC4E9-906D-48E1-B0C5-A30B681C2831}.Debug|x86.Build.0 = Debug|Any CPU
		{1BBDC4E9-906D-48E1-B0C5-A30B681C2831}.Release|Any CPU.ActiveCfg = Release|Any CPU
		{1BBDC4E9-906D-48E1-B0C5-A30B681C2831}.Release|Any CPU.Build.0 = Release|Any CPU
		{1BBDC4E9-906D-48E1-B0C5-A30B681C2831}.Release|x64.ActiveCfg = Release|Any CPU
		{1BBDC4E9-906D-48E1-B0C5-A30B681C2831}.Release|x64.Build.0 = Release|Any CPU
		{1BBDC4E9-906D-48E1-B0C5-A30B681C2831}.Release|x86.ActiveCfg = Release|Any CPU
		{1BBDC4E9-906D-48E1-B0C5-A30B681C2831}.Release|x86.Build.0 = Release|Any CPU
		{4A80B792-9A79-42B8-9A01-ECE609AE8625}.Debug|Any CPU.ActiveCfg = Debug|Any CPU
		{4A80B792-9A79-42B8-9A01-ECE609AE8625}.Debug|Any CPU.Build.0 = Debug|Any CPU
		{4A80B792-9A79-42B8-9A01-ECE609AE8625}.Debug|x64.ActiveCfg = Debug|Any CPU
		{4A80B792-9A79-42B8-9A01-ECE609AE8625}.Debug|x64.Build.0 = Debug|Any CPU
		{4A80B792-9A79-42B8-9A01-ECE609AE8625}.Debug|x86.ActiveCfg = Debug|Any CPU
		{4A80B792-9A79-42B8-9A01-ECE609AE8625}.Debug|x86.Build.0 = Debug|Any CPU
		{4A80B792-9A79-42B8-9A01-ECE609AE8625}.Release|Any CPU.ActiveCfg = Release|Any CPU
		{4A80B792-9A79-42B8-9A01-ECE609AE8625}.Release|Any CPU.Build.0 = Release|Any CPU
		{4A80B792-9A79-42B8-9A01-ECE609AE8625}.Release|x64.ActiveCfg = Release|Any CPU
		{4A80B792-9A79-42B8-9A01-ECE609AE8625}.Release|x64.Build.0 = Release|Any CPU
		{4A80B792-9A79-42B8-9A01-ECE609AE8625}.Release|x86.ActiveCfg = Release|Any CPU
		{4A80B792-9A79-42B8-9A01-ECE609AE8625}.Release|x86.Build.0 = Release|Any CPU
	EndGlobalSection
	GlobalSection(SolutionProperties) = preSolution
		HideSolutionNode = FALSE
	EndGlobalSection
	GlobalSection(NestedProjects) = preSolution
		{4CF5180D-2E9A-404D-8712-DCE028BA370B} = {827E0CD3-B72D-47B6-A68D-7590B98EB39B}
		{174ACDB9-6B5E-4A26-BA47-3E4E8851B4C8} = {827E0CD3-B72D-47B6-A68D-7590B98EB39B}
		{C9AE82D1-E387-4550-B2EF-3A43CFC0AFBB} = {827E0CD3-B72D-47B6-A68D-7590B98EB39B}
		{9092C44C-2C59-4EE6-9057-BB4EE4F33509} = {827E0CD3-B72D-47B6-A68D-7590B98EB39B}
		{1B67D9C8-13C1-4BE2-9DAA-F7981B67C0A2} = {0AB3BF05-4346-4AA6-1389-037BE0695223}
		{A04D1345-3B59-4C16-A155-6F989F566E19} = {5D20AA90-6969-D8BD-9DCD-8634F4692FDA}
		{1BBDC4E9-906D-48E1-B0C5-A30B681C2831} = {5D20AA90-6969-D8BD-9DCD-8634F4692FDA}
		{4A80B792-9A79-42B8-9A01-ECE609AE8625} = {5D20AA90-6969-D8BD-9DCD-8634F4692FDA}
	EndGlobalSection
EndGlobal
